
Microsoft Visual Studio Solution File, Format Version 12.00
# Visual Studio Version 16
VisualStudioVersion = 16.0.31410.357
MinimumVisualStudioVersion = 10.0.40219.1
Project("{888888A0-9F3D-457C-B088-3A5042F75D52}") = "Face_Recognition_app", "Face_Recognition_app\Face_Recognition_app.pyproj", "{2FA7255C-C509-45D0-8069-BCFFABDE3DAB}"
EndProject
Global
	GlobalSection(SolutionConfigurationPlatforms) = preSolution
		Debug|Any CPU = Debug|Any CPU
		Release|Any CPU = Release|Any CPU
	EndGlobalSection
	GlobalSection(ProjectConfigurationPlatforms) = postSolution
		{2FA7255C-C509-45D0-8069-BCFFABDE3DAB}.Debug|Any CPU.ActiveCfg = Debug|Any CPU
		{2FA7255C-C509-45D0-8069-BCFFABDE3DAB}.Release|Any CPU.ActiveCfg = Release|Any CPU
	EndGlobalSection
	GlobalSection(SolutionProperties) = preSolution
		HideSolutionNode = FALSE
	EndGlobalSection
	GlobalSection(ExtensibilityGlobals) = postSolution
		SolutionGuid = {77E13E63-B1AB-4062-A906-5C1C9039A10F}
	EndGlobalSection
EndGlobal
